// !$*UTF8*$!
{
	archiveVersion = 1;
	classes = {
	};
	objectVersion = 51;
	objects = {

/* Begin PBXBuildFile section */
		8535DDD3232C9830001CB65A /* tableViewCell.swift in Sources */ = {isa = PBXBuildFile; fileRef = 8535DDD2232C9830001CB65A /* tableViewCell.swift */; };
		85AE6C902329E78300C0F470 /* AppDelegate.swift in Sources */ = {isa = PBXBuildFile; fileRef = 85AE6C8F2329E78300C0F470 /* AppDelegate.swift */; };
		85AE6C922329E78300C0F470 /* signVC.swift in Sources */ = {isa = PBXBuildFile; fileRef = 85AE6C912329E78300C0F470 /* signVC.swift */; };
		85AE6C952329E78300C0F470 /* Main.storyboard in Resources */ = {isa = PBXBuildFile; fileRef = 85AE6C932329E78300C0F470 /* Main.storyboard */; };
		85AE6C972329E78500C0F470 /* Assets.xcassets in Resources */ = {isa = PBXBuildFile; fileRef = 85AE6C962329E78500C0F470 /* Assets.xcassets */; };
		85AE6C9A2329E78500C0F470 /* LaunchScreen.storyboard in Resources */ = {isa = PBXBuildFile; fileRef = 85AE6C982329E78500C0F470 /* LaunchScreen.storyboard */; };
		85AE6CA22329E8E900C0F470 /* GoogleService-Info.plist in Resources */ = {isa = PBXBuildFile; fileRef = 85AE6CA12329E8E900C0F470 /* GoogleService-Info.plist */; };
		85AE6CA42329F18100C0F470 /* SettingsViewController.swift in Sources */ = {isa = PBXBuildFile; fileRef = 85AE6CA32329F18100C0F470 /* SettingsViewController.swift */; };
		85AE6CA62329F19600C0F470 /* UploadViewController.swift in Sources */ = {isa = PBXBuildFile; fileRef = 85AE6CA52329F19600C0F470 /* UploadViewController.swift */; };
		85AE6CA82329F1AB00C0F470 /* FeedViewController.swift in Sources */ = {isa = PBXBuildFile; fileRef = 85AE6CA72329F1AB00C0F470 /* FeedViewController.swift */; };
		85C237E4235165EE00579F04 /* FacebookCore.framework in Frameworks */ = {isa = PBXBuildFile; fileRef = 85C237E3235165EE00579F04 /* FacebookCore.framework */; };
		85C237E62351660A00579F04 /* FacebookLogin.framework in Frameworks */ = {isa = PBXBuildFile; fileRef = 85C237E52351660A00579F04 /* FacebookLogin.framework */; };
		85C237E82351660A00579F04 /* FacebookShare.framework in Frameworks */ = {isa = PBXBuildFile; fileRef = 85C237E72351660A00579F04 /* FacebookShare.framework */; };
		85C237EA2351660A00579F04 /* FBSDKCoreKit.framework in Frameworks */ = {isa = PBXBuildFile; fileRef = 85C237E92351660A00579F04 /* FBSDKCoreKit.framework */; };
		85C237EC2351660A00579F04 /* FBSDKLoginKit.framework in Frameworks */ = {isa = PBXBuildFile; fileRef = 85C237EB2351660A00579F04 /* FBSDKLoginKit.framework */; };
		85C237EE2351660A00579F04 /* FBSDKPlacesKit.framework in Frameworks */ = {isa = PBXBuildFile; fileRef = 85C237ED2351660A00579F04 /* FBSDKPlacesKit.framework */; };
		85C237F02351660A00579F04 /* FBSDKShareKit.framework in Frameworks */ = {isa = PBXBuildFile; fileRef = 85C237EF2351660A00579F04 /* FBSDKShareKit.framework */; };
		85C237F22351660A00579F04 /* FirebaseAuth.framework in Frameworks */ = {isa = PBXBuildFile; fileRef = 85C237F12351660A00579F04 /* FirebaseAuth.framework */; };
		85C237F42351660A00579F04 /* FirebaseCore.framework in Frameworks */ = {isa = PBXBuildFile; fileRef = 85C237F32351660A00579F04 /* FirebaseCore.framework */; };
		85C237F62351660A00579F04 /* FirebaseCoreDiagnostics.framework in Frameworks */ = {isa = PBXBuildFile; fileRef = 85C237F52351660A00579F04 /* FirebaseCoreDiagnostics.framework */; };
		85C237F82351660A00579F04 /* FirebaseFirestore.framework in Frameworks */ = {isa = PBXBuildFile; fileRef = 85C237F72351660A00579F04 /* FirebaseFirestore.framework */; };
		85C237FA2351660A00579F04 /* FirebaseInstanceID.framework in Frameworks */ = {isa = PBXBuildFile; fileRef = 85C237F92351660A00579F04 /* FirebaseInstanceID.framework */; };
		85C237FC2351660A00579F04 /* FirebaseStorage.framework in Frameworks */ = {isa = PBXBuildFile; fileRef = 85C237FB2351660A00579F04 /* FirebaseStorage.framework */; };
		85C237FE2351660A00579F04 /* GoogleDataTransport.framework in Frameworks */ = {isa = PBXBuildFile; fileRef = 85C237FD2351660A00579F04 /* GoogleDataTransport.framework */; };
		85F591EE2332377F00362D36 /* signUpViewController.swift in Sources */ = {isa = PBXBuildFile; fileRef = 85F591ED2332377F00362D36 /* signUpViewController.swift */; };
		86A2B1175E1000700340C0B3 /* Pods_instaCloneWithFirebase.framework in Frameworks */ = {isa = PBXBuildFile; fileRef = 003FC7C22FF1458B0157D0FE /* Pods_instaCloneWithFirebase.framework */; };
/* End PBXBuildFile section */

/* Begin PBXFileReference section */
		003FC7C22FF1458B0157D0FE /* Pods_instaCloneWithFirebase.framework */ = {isa = PBXFileReference; explicitFileType = wrapper.framework; includeInIndex = 0; path = Pods_instaCloneWithFirebase.framework; sourceTree = BUILT_PRODUCTS_DIR; };
		2BFE36E50638B1D0AB7501A4 /* Pods-instaCloneWithFirebase.debug.xcconfig */ = {isa = PBXFileReference; includeInIndex = 1; lastKnownFileType = text.xcconfig; name = "Pods-instaCloneWithFirebase.debug.xcconfig"; path = "Target Support Files/Pods-instaCloneWithFirebase/Pods-instaCloneWithFirebase.debug.xcconfig"; sourceTree = "<group>"; };
		8535DDD2232C9830001CB65A /* tableViewCell.swift */ = {isa = PBXFileReference; lastKnownFileType = sourcecode.swift; path = tableViewCell.swift; sourceTree = "<group>"; };
		85AE6C8C2329E78300C0F470 /* instaCloneWithFirebase.app */ = {isa = PBXFileReference; explicitFileType = wrapper.application; includeInIndex = 0; path = instaCloneWithFirebase.app; sourceTree = BUILT_PRODUCTS_DIR; };
		85AE6C8F2329E78300C0F470 /* AppDelegate.swift */ = {isa = PBXFileReference; lastKnownFileType = sourcecode.swift; path = AppDelegate.swift; sourceTree = "<group>"; };
		85AE6C912329E78300C0F470 /* signVC.swift */ = {isa = PBXFileReference; lastKnownFileType = sourcecode.swift; path = signVC.swift; sourceTree = "<group>"; };
		85AE6C942329E78300C0F470 /* Base */ = {isa = PBXFileReference; lastKnownFileType = file.storyboard; name = Base; path = Base.lproj/Main.storyboard; sourceTree = "<group>"; };
		85AE6C962329E78500C0F470 /* Assets.xcassets */ = {isa = PBXFileReference; lastKnownFileType = folder.assetcatalog; path = Assets.xcassets; sourceTree = "<group>"; };
		85AE6C992329E78500C0F470 /* Base */ = {isa = PBXFileReference; lastKnownFileType = file.storyboard; name = Base; path = Base.lproj/LaunchScreen.storyboard; sourceTree = "<group>"; };
		85AE6C9B2329E78500C0F470 /* Info.plist */ = {isa = PBXFileReference; lastKnownFileType = text.plist.xml; path = Info.plist; sourceTree = "<group>"; };
		85AE6CA12329E8E900C0F470 /* GoogleService-Info.plist */ = {isa = PBXFileReference; fileEncoding = 4; lastKnownFileType = text.plist.xml; path = "GoogleService-Info.plist"; sourceTree = "<group>"; };
		85AE6CA32329F18100C0F470 /* SettingsViewController.swift */ = {isa = PBXFileReference; lastKnownFileType = sourcecode.swift; path = SettingsViewController.swift; sourceTree = "<group>"; };
		85AE6CA52329F19600C0F470 /* UploadViewController.swift */ = {isa = PBXFileReference; lastKnownFileType = sourcecode.swift; path = UploadViewController.swift; sourceTree = "<group>"; };
		85AE6CA72329F1AB00C0F470 /* FeedViewController.swift */ = {isa = PBXFileReference; lastKnownFileType = sourcecode.swift; path = FeedViewController.swift; sourceTree = "<group>"; };
		85C237E3235165EE00579F04 /* FacebookCore.framework */ = {isa = PBXFileReference; explicitFileType = wrapper.framework; path = FacebookCore.framework; sourceTree = BUILT_PRODUCTS_DIR; };
		85C237E52351660A00579F04 /* FacebookLogin.framework */ = {isa = PBXFileReference; explicitFileType = wrapper.framework; path = FacebookLogin.framework; sourceTree = BUILT_PRODUCTS_DIR; };
		85C237E72351660A00579F04 /* FacebookShare.framework */ = {isa = PBXFileReference; explicitFileType = wrapper.framework; path = FacebookShare.framework; sourceTree = BUILT_PRODUCTS_DIR; };
		85C237E92351660A00579F04 /* FBSDKCoreKit.framework */ = {isa = PBXFileReference; explicitFileType = wrapper.framework; path = FBSDKCoreKit.framework; sourceTree = BUILT_PRODUCTS_DIR; };
		85C237EB2351660A00579F04 /* FBSDKLoginKit.framework */ = {isa = PBXFileReference; explicitFileType = wrapper.framework; path = FBSDKLoginKit.framework; sourceTree = BUILT_PRODUCTS_DIR; };
		85C237ED2351660A00579F04 /* FBSDKPlacesKit.framework */ = {isa = PBXFileReference; explicitFileType = wrapper.framework; path = FBSDKPlacesKit.framework; sourceTree = BUILT_PRODUCTS_DIR; };
		85C237EF2351660A00579F04 /* FBSDKShareKit.framework */ = {isa = PBXFileReference; explicitFileType = wrapper.framework; path = FBSDKShareKit.framework; sourceTree = BUILT_PRODUCTS_DIR; };
		85C237F12351660A00579F04 /* FirebaseAuth.framework */ = {isa = PBXFileReference; explicitFileType = wrapper.framework; path = FirebaseAuth.framework; sourceTree = BUILT_PRODUCTS_DIR; };
		85C237F32351660A00579F04 /* FirebaseCore.framework */ = {isa = PBXFileReference; explicitFileType = wrapper.framework; path = FirebaseCore.framework; sourceTree = BUILT_PRODUCTS_DIR; };
		85C237F52351660A00579F04 /* FirebaseCoreDiagnostics.framework */ = {isa = PBXFileReference; explicitFileType = wrapper.framework; path = FirebaseCoreDiagnostics.framework; sourceTree = BUILT_PRODUCTS_DIR; };
		85C237F72351660A00579F04 /* FirebaseFirestore.framework */ = {isa = PBXFileReference; explicitFileType = wrapper.framework; path = FirebaseFirestore.framework; sourceTree = BUILT_PRODUCTS_DIR; };
		85C237F92351660A00579F04 /* FirebaseInstanceID.framework */ = {isa = PBXFileReference; explicitFileType = wrapper.framework; path = FirebaseInstanceID.framework; sourceTree = BUILT_PRODUCTS_DIR; };
		85C237FB2351660A00579F04 /* FirebaseStorage.framework */ = {isa = PBXFileReference; explicitFileType = wrapper.framework; path = FirebaseStorage.framework; sourceTree = BUILT_PRODUCTS_DIR; };
		85C237FD2351660A00579F04 /* GoogleDataTransport.framework */ = {isa = PBXFileReference; explicitFileType = wrapper.framework; path = GoogleDataTransport.framework; sourceTree = BUILT_PRODUCTS_DIR; };
		85F591ED2332377F00362D36 /* signUpViewController.swift */ = {isa = PBXFileReference; lastKnownFileType = sourcecode.swift; path = signUpViewController.swift; sourceTree = "<group>"; };
		9818295D1C5E03B464AD24BE /* Pods-instaCloneWithFirebase.release.xcconfig */ = {isa = PBXFileReference; includeInIndex = 1; lastKnownFileType = text.xcconfig; name = "Pods-instaCloneWithFirebase.release.xcconfig"; path = "Target Support Files/Pods-instaCloneWithFirebase/Pods-instaCloneWithFirebase.release.xcconfig"; sourceTree = "<group>"; };
/* End PBXFileReference section */

/* Begin PBXFrameworksBuildPhase section */
		85AE6C892329E78300C0F470 /* Frameworks */ = {
			isa = PBXFrameworksBuildPhase;
			buildActionMask = 2147483647;
			files = (
				85C237E62351660A00579F04 /* FacebookLogin.framework in Frameworks */,
				85C237E82351660A00579F04 /* FacebookShare.framework in Frameworks */,
				85C237EA2351660A00579F04 /* FBSDKCoreKit.framework in Frameworks */,
				85C237EC2351660A00579F04 /* FBSDKLoginKit.framework in Frameworks */,
				85C237EE2351660A00579F04 /* FBSDKPlacesKit.framework in Frameworks */,
				85C237F02351660A00579F04 /* FBSDKShareKit.framework in Frameworks */,
				85C237F22351660A00579F04 /* FirebaseAuth.framework in Frameworks */,
				85C237F42351660A00579F04 /* FirebaseCore.framework in Frameworks */,
				85C237F62351660A00579F04 /* FirebaseCoreDiagnostics.framework in Frameworks */,
				85C237F82351660A00579F04 /* FirebaseFirestore.framework in Frameworks */,
				85C237FA2351660A00579F04 /* FirebaseInstanceID.framework in Frameworks */,
				85C237FC2351660A00579F04 /* FirebaseStorage.framework in Frameworks */,
				85C237FE2351660A00579F04 /* GoogleDataTransport.framework in Frameworks */,
				85C237E4235165EE00579F04 /* FacebookCore.framework in Frameworks */,
				86A2B1175E1000700340C0B3 /* Pods_instaCloneWithFirebase.framework in Frameworks */,
			);
			runOnlyForDeploymentPostprocessing = 0;
		};
/* End PBXFrameworksBuildPhase section */

/* Begin PBXGroup section */
		035024CDB6113B2C5A770473 /* Frameworks */ = {
			isa = PBXGroup;
			children = (
				85C237E52351660A00579F04 /* FacebookLogin.framework */,
				85C237E72351660A00579F04 /* FacebookShare.framework */,
				85C237E92351660A00579F04 /* FBSDKCoreKit.framework */,
				85C237EB2351660A00579F04 /* FBSDKLoginKit.framework */,
				85C237ED2351660A00579F04 /* FBSDKPlacesKit.framework */,
				85C237EF2351660A00579F04 /* FBSDKShareKit.framework */,
				85C237F12351660A00579F04 /* FirebaseAuth.framework */,
				85C237F32351660A00579F04 /* FirebaseCore.framework */,
				85C237F52351660A00579F04 /* FirebaseCoreDiagnostics.framework */,
				85C237F72351660A00579F04 /* FirebaseFirestore.framework */,
				85C237F92351660A00579F04 /* FirebaseInstanceID.framework */,
				85C237FB2351660A00579F04 /* FirebaseStorage.framework */,
				85C237FD2351660A00579F04 /* GoogleDataTransport.framework */,
				85C237E3235165EE00579F04 /* FacebookCore.framework */,
				003FC7C22FF1458B0157D0FE /* Pods_instaCloneWithFirebase.framework */,
			);
			name = Frameworks;
			sourceTree = "<group>";
		};
		3BB4D0FCD252104153E2BA1F /* Pods */ = {
			isa = PBXGroup;
			children = (
				2BFE36E50638B1D0AB7501A4 /* Pods-instaCloneWithFirebase.debug.xcconfig */,
				9818295D1C5E03B464AD24BE /* Pods-instaCloneWithFirebase.release.xcconfig */,
			);
			path = Pods;
			sourceTree = "<group>";
		};
		85AE6C832329E78300C0F470 = {
			isa = PBXGroup;
			children = (
				85AE6C8E2329E78300C0F470 /* instaCloneWithFirebase */,
				85AE6C8D2329E78300C0F470 /* Products */,
				3BB4D0FCD252104153E2BA1F /* Pods */,
				035024CDB6113B2C5A770473 /* Frameworks */,
			);
			sourceTree = "<group>";
		};
		85AE6C8D2329E78300C0F470 /* Products */ = {
			isa = PBXGroup;
			children = (
				85AE6C8C2329E78300C0F470 /* instaCloneWithFirebase.app */,
			);
			name = Products;
			sourceTree = "<group>";
		};
		85AE6C8E2329E78300C0F470 /* instaCloneWithFirebase */ = {
			isa = PBXGroup;
			children = (
				85AE6C8F2329E78300C0F470 /* AppDelegate.swift */,
				85F84FD423B4336400F4760C /* ViewControllers */,
				85AE6C932329E78300C0F470 /* Main.storyboard */,
				85AE6C962329E78500C0F470 /* Assets.xcassets */,
				85AE6C982329E78500C0F470 /* LaunchScreen.storyboard */,
				85AE6C9B2329E78500C0F470 /* Info.plist */,
				85AE6CA12329E8E900C0F470 /* GoogleService-Info.plist */,
			);
			path = instaCloneWithFirebase;
			sourceTree = "<group>";
		};
		85F84FD423B4336400F4760C /* ViewControllers */ = {
			isa = PBXGroup;
			children = (
				85AE6C912329E78300C0F470 /* signVC.swift */,
				85F591ED2332377F00362D36 /* signUpViewController.swift */,
				8535DDD2232C9830001CB65A /* tableViewCell.swift */,
				85AE6CA72329F1AB00C0F470 /* FeedViewController.swift */,
				85AE6CA52329F19600C0F470 /* UploadViewController.swift */,
				85AE6CA32329F18100C0F470 /* SettingsViewController.swift */,
			);
			path = ViewControllers;
			sourceTree = "<group>";
		};
/* End PBXGroup section */

/* Begin PBXNativeTarget section */
		85AE6C8B2329E78300C0F470 /* instaCloneWithFirebase */ = {
			isa = PBXNativeTarget;
			buildConfigurationList = 85AE6C9E2329E78500C0F470 /* Build configuration list for PBXNativeTarget "instaCloneWithFirebase" */;
			buildPhases = (
				C368CEEC586B03669E09FA19 /* [CP] Check Pods Manifest.lock */,
				85AE6C882329E78300C0F470 /* Sources */,
				85AE6C892329E78300C0F470 /* Frameworks */,
				85AE6C8A2329E78300C0F470 /* Resources */,
				43892921A194DA41CCCB3D0D /* [CP] Embed Pods Frameworks */,
			);
			buildRules = (
			);
			dependencies = (
			);
			name = instaCloneWithFirebase;
			productName = instaCloneWithFirebase;
			productReference = 85AE6C8C2329E78300C0F470 /* instaCloneWithFirebase.app */;
			productType = "com.apple.product-type.application";
		};
/* End PBXNativeTarget section */

/* Begin PBXProject section */
		85AE6C842329E78300C0F470 /* Project object */ = {
			isa = PBXProject;
			attributes = {
				LastSwiftUpdateCheck = 1030;
				LastUpgradeCheck = 1030;
				ORGANIZATIONNAME = "Tutku Bide";
				TargetAttributes = {
					85AE6C8B2329E78300C0F470 = {
						CreatedOnToolsVersion = 10.3;
					};
				};
			};
			buildConfigurationList = 85AE6C872329E78300C0F470 /* Build configuration list for PBXProject "instaCloneWithFirebase" */;
			compatibilityVersion = "Xcode 9.3";
			developmentRegion = en;
			hasScannedForEncodings = 0;
			knownRegions = (
				en,
				Base,
			);
			mainGroup = 85AE6C832329E78300C0F470;
			productRefGroup = 85AE6C8D2329E78300C0F470 /* Products */;
			projectDirPath = "";
			projectRoot = "";
			targets = (
				85AE6C8B2329E78300C0F470 /* instaCloneWithFirebase */,
			);
		};
/* End PBXProject section */

/* Begin PBXResourcesBuildPhase section */
		85AE6C8A2329E78300C0F470 /* Resources */ = {
			isa = PBXResourcesBuildPhase;
			buildActionMask = 2147483647;
			files = (
				85AE6C9A2329E78500C0F470 /* LaunchScreen.storyboard in Resources */,
				85AE6CA22329E8E900C0F470 /* GoogleService-Info.plist in Resources */,
				85AE6C972329E78500C0F470 /* Assets.xcassets in Resources */,
				85AE6C952329E78300C0F470 /* Main.storyboard in Resources */,
			);
			runOnlyForDeploymentPostprocessing = 0;
		};
/* End PBXResourcesBuildPhase section */

/* Begin PBXShellScriptBuildPhase section */
		43892921A194DA41CCCB3D0D /* [CP] Embed Pods Frameworks */ = {
			isa = PBXShellScriptBuildPhase;
			buildActionMask = 2147483647;
			files = (
			);
			inputFileListPaths = (
				"${PODS_ROOT}/Target Support Files/Pods-instaCloneWithFirebase/Pods-instaCloneWithFirebase-frameworks-${CONFIGURATION}-input-files.xcfilelist",
			);
			name = "[CP] Embed Pods Frameworks";
			outputFileListPaths = (
				"${PODS_ROOT}/Target Support Files/Pods-instaCloneWithFirebase/Pods-instaCloneWithFirebase-frameworks-${CONFIGURATION}-output-files.xcfilelist",
			);
			runOnlyForDeploymentPostprocessing = 0;
			shellPath = /bin/sh;
			shellScript = "\"${PODS_ROOT}/Target Support Files/Pods-instaCloneWithFirebase/Pods-instaCloneWithFirebase-frameworks.sh\"\n";
			showEnvVarsInLog = 0;
		};
		C368CEEC586B03669E09FA19 /* [CP] Check Pods Manifest.lock */ = {
			isa = PBXShellScriptBuildPhase;
			buildActionMask = 2147483647;
			files = (
			);
			inputFileListPaths = (
			);
			inputPaths = (
				"${PODS_PODFILE_DIR_PATH}/Podfile.lock",
				"${PODS_ROOT}/Manifest.lock",
			);
			name = "[CP] Check Pods Manifest.lock";
			outputFileListPaths = (
			);
			outputPaths = (
				"$(DERIVED_FILE_DIR)/Pods-instaCloneWithFirebase-checkManifestLockResult.txt",
			);
			runOnlyForDeploymentPostprocessing = 0;
			shellPath = /bin/sh;
			shellScript = "diff \"${PODS_PODFILE_DIR_PATH}/Podfile.lock\" \"${PODS_ROOT}/Manifest.lock\" > /dev/null\nif [ $? != 0 ] ; then\n    # print error to STDERR\n    echo \"error: The sandbox is not in sync with the Podfile.lock. Run 'pod install' or update your CocoaPods installation.\" >&2\n    exit 1\nfi\n# This output is used by Xcode 'outputs' to avoid re-running this script phase.\necho \"SUCCESS\" > \"${SCRIPT_OUTPUT_FILE_0}\"\n";
			showEnvVarsInLog = 0;
		};
/* End PBXShellScriptBuildPhase section */

/* Begin PBXSourcesBuildPhase section */
		85AE6C882329E78300C0F470 /* Sources */ = {
			isa = PBXSourcesBuildPhase;
			buildActionMask = 2147483647;
			files = (
				85F591EE2332377F00362D36 /* signUpViewController.swift in Sources */,
				8535DDD3232C9830001CB65A /* tableViewCell.swift in Sources */,
				85AE6C922329E78300C0F470 /* signVC.swift in Sources */,
				85AE6CA62329F19600C0F470 /* UploadViewController.swift in Sources */,
				85AE6CA82329F1AB00C0F470 /* FeedViewController.swift in Sources */,
				85AE6C902329E78300C0F470 /* AppDelegate.swift in Sources */,
				85AE6CA42329F18100C0F470 /* SettingsViewController.swift in Sources */,
			);
			runOnlyForDeploymentPostprocessing = 0;
		};
/* End PBXSourcesBuildPhase section */

/* Begin PBXVariantGroup section */
		85AE6C932329E78300C0F470 /* Main.storyboard */ = {
			isa = PBXVariantGroup;
			children = (
				85AE6C942329E78300C0F470 /* Base */,
			);
			name = Main.storyboard;
			sourceTree = "<group>";
		};
		85AE6C982329E78500C0F470 /* LaunchScreen.storyboard */ = {
			isa = PBXVariantGroup;
			children = (
				85AE6C992329E78500C0F470 /* Base */,
			);
			name = LaunchScreen.storyboard;
			sourceTree = "<group>";
		};
/* End PBXVariantGroup section */

/* Begin XCBuildConfiguration section */
		85AE6C9C2329E78500C0F470 /* Debug */ = {
			isa = XCBuildConfiguration;
			buildSettings = {
				ALWAYS_SEARCH_USER_PATHS = NO;
				CLANG_ANALYZER_NONNULL = YES;
				CLANG_ANALYZER_NUMBER_OBJECT_CONVERSION = YES_AGGRESSIVE;
				CLANG_CXX_LANGUAGE_STANDARD = "gnu++14";
				CLANG_CXX_LIBRARY = "libc++";
				CLANG_ENABLE_MODULES = YES;
				CLANG_ENABLE_OBJC_ARC = YES;
				CLANG_ENABLE_OBJC_WEAK = YES;
				CLANG_WARN_BLOCK_CAPTURE_AUTORELEASING = YES;
				CLANG_WARN_BOOL_CONVERSION = YES;
				CLANG_WARN_COMMA = YES;
				CLANG_WARN_CONSTANT_CONVERSION = YES;
				CLANG_WARN_DEPRECATED_OBJC_IMPLEMENTATIONS = YES;
				CLANG_WARN_DIRECT_OBJC_ISA_USAGE = YES_ERROR;
				CLANG_WARN_DOCUMENTATION_COMMENTS = YES;
				CLANG_WARN_EMPTY_BODY = YES;
				CLANG_WARN_ENUM_CONVERSION = YES;
				CLANG_WARN_INFINITE_RECURSION = YES;
				CLANG_WARN_INT_CONVERSION = YES;
				CLANG_WARN_NON_LITERAL_NULL_CONVERSION = YES;
				CLANG_WARN_OBJC_IMPLICIT_RETAIN_SELF = YES;
				CLANG_WARN_OBJC_LITERAL_CONVERSION = YES;
				CLANG_WARN_OBJC_ROOT_CLASS = YES_ERROR;
				CLANG_WARN_RANGE_LOOP_ANALYSIS = YES;
				CLANG_WARN_STRICT_PROTOTYPES = YES;
				CLANG_WARN_SUSPICIOUS_MOVE = YES;
				CLANG_WARN_UNGUARDED_AVAILABILITY = YES_AGGRESSIVE;
				CLANG_WARN_UNREACHABLE_CODE = YES;
				CLANG_WARN__DUPLICATE_METHOD_MATCH = YES;
				CODE_SIGN_IDENTITY = "iPhone Developer";
				COPY_PHASE_STRIP = NO;
				DEBUG_INFORMATION_FORMAT = dwarf;
				ENABLE_STRICT_OBJC_MSGSEND = YES;
				ENABLE_TESTABILITY = YES;
				GCC_C_LANGUAGE_STANDARD = gnu11;
				GCC_DYNAMIC_NO_PIC = NO;
				GCC_NO_COMMON_BLOCKS = YES;
				GCC_OPTIMIZATION_LEVEL = 0;
				GCC_PREPROCESSOR_DEFINITIONS = (
					"DEBUG=1",
					"$(inherited)",
				);
				GCC_WARN_64_TO_32_BIT_CONVERSION = YES;
				GCC_WARN_ABOUT_RETURN_TYPE = YES_ERROR;
				GCC_WARN_UNDECLARED_SELECTOR = YES;
				GCC_WARN_UNINITIALIZED_AUTOS = YES_AGGRESSIVE;
				GCC_WARN_UNUSED_FUNCTION = YES;
				GCC_WARN_UNUSED_VARIABLE = YES;
				IPHONEOS_DEPLOYMENT_TARGET = 12.4;
				MTL_ENABLE_DEBUG_INFO = INCLUDE_SOURCE;
				MTL_FAST_MATH = YES;
				ONLY_ACTIVE_ARCH = YES;
				SDKROOT = iphoneos;
				SWIFT_ACTIVE_COMPILATION_CONDITIONS = DEBUG;
				SWIFT_OPTIMIZATION_LEVEL = "-Onone";
			};
			name = Debug;
		};
		85AE6C9D2329E78500C0F470 /* Release */ = {
			isa = XCBuildConfiguration;
			buildSettings = {
				ALWAYS_SEARCH_USER_PATHS = NO;
				CLANG_ANALYZER_NONNULL = YES;
				CLANG_ANALYZER_NUMBER_OBJECT_CONVERSION = YES_AGGRESSIVE;
				CLANG_CXX_LANGUAGE_STANDARD = "gnu++14";
				CLANG_CXX_LIBRARY = "libc++";
				CLANG_ENABLE_MODULES = YES;
				CLANG_ENABLE_OBJC_ARC = YES;
				CLANG_ENABLE_OBJC_WEAK = YES;
				CLANG_WARN_BLOCK_CAPTURE_AUTORELEASING = YES;
				CLANG_WARN_BOOL_CONVERSION = YES;
				CLANG_WARN_COMMA = YES;
				CLANG_WARN_CONSTANT_CONVERSION = YES;
				CLANG_WARN_DEPRECATED_OBJC_IMPLEMENTATIONS = YES;
				CLANG_WARN_DIRECT_OBJC_ISA_USAGE = YES_ERROR;
				CLANG_WARN_DOCUMENTATION_COMMENTS = YES;
				CLANG_WARN_EMPTY_BODY = YES;
				CLANG_WARN_ENUM_CONVERSION = YES;
				CLANG_WARN_INFINITE_RECURSION = YES;
				CLANG_WARN_INT_CONVERSION = YES;
				CLANG_WARN_NON_LITERAL_NULL_CONVERSION = YES;
				CLANG_WARN_OBJC_IMPLICIT_RETAIN_SELF = YES;
				CLANG_WARN_OBJC_LITERAL_CONVERSION = YES;
				CLANG_WARN_OBJC_ROOT_CLASS = YES_ERROR;
				CLANG_WARN_RANGE_LOOP_ANALYSIS = YES;
				CLANG_WARN_STRICT_PROTOTYPES = YES;
				CLANG_WARN_SUSPICIOUS_MOVE = YES;
				CLANG_WARN_UNGUARDED_AVAILABILITY = YES_AGGRESSIVE;
				CLANG_WARN_UNREACHABLE_CODE = YES;
				CLANG_WARN__DUPLICATE_METHOD_MATCH = YES;
				CODE_SIGN_IDENTITY = "iPhone Developer";
				COPY_PHASE_STRIP = NO;
				DEBUG_INFORMATION_FORMAT = "dwarf-with-dsym";
				ENABLE_NS_ASSERTIONS = NO;
				ENABLE_STRICT_OBJC_MSGSEND = YES;
				GCC_C_LANGUAGE_STANDARD = gnu11;
				GCC_NO_COMMON_BLOCKS = YES;
				GCC_WARN_64_TO_32_BIT_CONVERSION = YES;
				GCC_WARN_ABOUT_RETURN_TYPE = YES_ERROR;
				GCC_WARN_UNDECLARED_SELECTOR = YES;
				GCC_WARN_UNINITIALIZED_AUTOS = YES_AGGRESSIVE;
				GCC_WARN_UNUSED_FUNCTION = YES;
				GCC_WARN_UNUSED_VARIABLE = YES;
				IPHONEOS_DEPLOYMENT_TARGET = 12.4;
				MTL_ENABLE_DEBUG_INFO = NO;
				MTL_FAST_MATH = YES;
				SDKROOT = iphoneos;
				SWIFT_COMPILATION_MODE = wholemodule;
				SWIFT_OPTIMIZATION_LEVEL = "-O";
				VALIDATE_PRODUCT = YES;
			};
			name = Release;
		};
		85AE6C9F2329E78500C0F470 /* Debug */ = {
			isa = XCBuildConfiguration;
			baseConfigurationReference = 2BFE36E50638B1D0AB7501A4 /* Pods-instaCloneWithFirebase.debug.xcconfig */;
			buildSettings = {
				ASSETCATALOG_COMPILER_APPICON_NAME = AppIcon;
				CODE_SIGN_STYLE = Automatic;
				INFOPLIST_FILE = instaCloneWithFirebase/Info.plist;
				LD_RUNPATH_SEARCH_PATHS = (
					"$(inherited)",
					"@executable_path/Frameworks",
				);
				PRODUCT_BUNDLE_IDENTIFIER = tutkubide.instaCloneWithFirebase;
				PRODUCT_NAME = "$(TARGET_NAME)";
				SWIFT_VERSION = 5.0;
				TARGETED_DEVICE_FAMILY = "1,2";
			};
			name = Debug;
		};
		85AE6CA02329E78500C0F470 /* Release */ = {
			isa = XCBuildConfiguration;
			baseConfigurationReference = 9818295D1C5E03B464AD24BE /* Pods-instaCloneWithFirebase.release.xcconfig */;
			buildSettings = {
				ASSETCATALOG_COMPILER_APPICON_NAME = AppIcon;
				CODE_SIGN_STYLE = Automatic;
				INFOPLIST_FILE = instaCloneWithFirebase/Info.plist;
				LD_RUNPATH_SEARCH_PATHS = (
					"$(inherited)",
					"@executable_path/Frameworks",
				);
				PRODUCT_BUNDLE_IDENTIFIER = tutkubide.instaCloneWithFirebase;
				PRODUCT_NAME = "$(TARGET_NAME)";
				SWIFT_VERSION = 5.0;
				TARGETED_DEVICE_FAMILY = "1,2";
			};
			name = Release;
		};
/* End XCBuildConfiguration section */

/* Begin XCConfigurationList section */
		85AE6C872329E78300C0F470 /* Build configuration list for PBXProject "instaCloneWithFirebase" */ = {
			isa = XCConfigurationList;
			buildConfigurations = (
				85AE6C9C2329E78500C0F470 /* Debug */,
				85AE6C9D2329E78500C0F470 /* Release */,
			);
			defaultConfigurationIsVisible = 0;
			defaultConfigurationName = Release;
		};
		85AE6C9E2329E78500C0F470 /* Build configuration list for PBXNativeTarget "instaCloneWithFirebase" */ = {
			isa = XCConfigurationList;
			buildConfigurations = (
				85AE6C9F2329E78500C0F470 /* Debug */,
				85AE6CA02329E78500C0F470 /* Release */,
			);
			defaultConfigurationIsVisible = 0;
			defaultConfigurationName = Release;
		};
/* End XCConfigurationList section */
	};
	rootObject = 85AE6C842329E78300C0F470 /* Project object */;
}
